
Microsoft Visual Studio Solution File, Format Version 12.00
# Visual Studio Version 16
VisualStudioVersion = 16.0.30503.244
MinimumVisualStudioVersion = 10.0.40219.1
Project("{FAE04EC0-301F-11D3-BF4B-00C04F79EFBC}") = "VarijableVježba3", "VarijableVježba3\VarijableVježba3.csproj", "{DFB0FA1D-430B-44DC-AD7B-680D02946CE7}"
EndProject
Global
	GlobalSection(SolutionConfigurationPlatforms) = preSolution
		Debug|Any CPU = Debug|Any CPU
		Release|Any CPU = Release|Any CPU
	EndGlobalSection
	GlobalSection(ProjectConfigurationPlatforms) = postSolution
		{DFB0FA1D-430B-44DC-AD7B-680D02946CE7}.Debug|Any CPU.ActiveCfg = Debug|Any CPU
		{DFB0FA1D-430B-44DC-AD7B-680D02946CE7}.Debug|Any CPU.Build.0 = Debug|Any CPU
		{DFB0FA1D-430B-44DC-AD7B-680D02946CE7}.Release|Any CPU.ActiveCfg = Release|Any CPU
		{DFB0FA1D-430B-44DC-AD7B-680D02946CE7}.Release|Any CPU.Build.0 = Release|Any CPU
	EndGlobalSection
	GlobalSection(SolutionProperties) = preSolution
		HideSolutionNode = FALSE
	EndGlobalSection
	GlobalSection(ExtensibilityGlobals) = postSolution
		SolutionGuid = {60029B76-F045-4005-84EA-86A1B0F5DAAC}
	EndGlobalSection
EndGlobal
